Microsoft Visual Studio Solution File, Format Version 12.00
# Visual Studio Version 17
VisualStudioVersion = 17.0.31919.166
MinimumVisualStudioVersion = 10.0.40219.1
Project("{9A19103F-16F7-4668-BE54-9A1E7A4F7556}") = "xCheats", "xCheats\xCheats.csproj", "{784574E9-5C73-4E74-969B-DF53BDE923D2}"
	ProjectSection(ProjectDependencies) = postProject
		{6AA6B1A9-F574-43D9-B1EE-F28DA222A030} = {6AA6B1A9-F574-43D9-B1EE-F28DA222A030}
		{A906AA4E-279B-4AFA-B9CC-B622582E21B1} = {A906AA4E-279B-4AFA-B9CC-B622582E21B1}
	EndProjectSection
EndProject
Project("{FAE04EC0-301F-11D3-BF4B-00C04F79EFBC}") = "AltoHttp", "AltoHttp\AltoHttp.csproj", "{A58E30EC-3D03-4873-B848-FA8E5877D2AA}"
EndProject
Project("{9A19103F-16F7-4668-BE54-9A1E7A4F7556}") = "xCheats Launcher", "xCheats Launcher\xCheats Launcher.csproj", "{6AA6B1A9-F574-43D9-B1EE-F28DA222A030}"
EndProject
Project("{9A19103F-16F7-4668-BE54-9A1E7A4F7556}") = "xCheats Functions", "xCheats Functions\xCheats Functions.csproj", "{EFE6B4BD-DB1E-40F3-AFFF-C969B4F8498F}"
EndProject
Project("{9A19103F-16F7-4668-BE54-9A1E7A4F7556}") = "DovahkiinLounge.Memory", "DovahkiinLounge.Memory\DovahkiinLounge.Memory.csproj", "{A906AA4E-279B-4AFA-B9CC-B622582E21B1}"
EndProject
Global
	GlobalSection(SolutionConfigurationPlatforms) = preSolution
		Debug|Any CPU = Debug|Any CPU
		Debug|x64 = Debug|x64
		Debug|x86 = Debug|x86
		Release|Any CPU = Release|Any CPU
		Release|x64 = Release|x64
		Release|x86 = Release|x86
	EndGlobalSection
	GlobalSection(ProjectConfigurationPlatforms) = postSolution
		{784574E9-5C73-4E74-969B-DF53BDE923D2}.Debug|Any CPU.ActiveCfg = Debug|Any CPU
		{784574E9-5C73-4E74-969B-DF53BDE923D2}.Debug|Any CPU.Build.0 = Debug|Any CPU
		{784574E9-5C73-4E74-969B-DF53BDE923D2}.Debug|x64.ActiveCfg = Debug|x64
		{784574E9-5C73-4E74-969B-DF53BDE923D2}.Debug|x64.Build.0 = Debug|x64
		{784574E9-5C73-4E74-969B-DF53BDE923D2}.Debug|x86.ActiveCfg = Debug|Any CPU
		{784574E9-5C73-4E74-969B-DF53BDE923D2}.Debug|x86.Build.0 = Debug|Any CPU
		{784574E9-5C73-4E74-969B-DF53BDE923D2}.Release|Any CPU.ActiveCfg = Release|Any CPU
		{784574E9-5C73-4E74-969B-DF53BDE923D2}.Release|Any CPU.Build.0 = Release|Any CPU
		{784574E9-5C73-4E74-969B-DF53BDE923D2}.Release|x64.ActiveCfg = Release|x64
		{784574E9-5C73-4E74-969B-DF53BDE923D2}.Release|x64.Build.0 = Release|x64
		{784574E9-5C73-4E74-969B-DF53BDE923D2}.Release|x86.ActiveCfg = Release|Any CPU
		{784574E9-5C73-4E74-969B-DF53BDE923D2}.Release|x86.Build.0 = Release|Any CPU
		{A58E30EC-3D03-4873-B848-FA8E5877D2AA}.Debug|Any CPU.ActiveCfg = Debug|Any CPU
		{A58E30EC-3D03-4873-B848-FA8E5877D2AA}.Debug|Any CPU.Build.0 = Debug|Any CPU
		{A58E30EC-3D03-4873-B848-FA8E5877D2AA}.Debug|x64.ActiveCfg = Debug|Any CPU
		{A58E30EC-3D03-4873-B848-FA8E5877D2AA}.Debug|x64.Build.0 = Debug|Any CPU
		{A58E30EC-3D03-4873-B848-FA8E5877D2AA}.Debug|x86.ActiveCfg = Debug|Any CPU
		{A58E30EC-3D03-4873-B848-FA8E5877D2AA}.Debug|x86.Build.0 = Debug|Any CPU
		{A58E30EC-3D03-4873-B848-FA8E5877D2AA}.Release|Any CPU.ActiveCfg = Release|Any CPU
		{A58E30EC-3D03-4873-B848-FA8E5877D2AA}.Release|Any CPU.Build.0 = Release|Any CPU
		{A58E30EC-3D03-4873-B848-FA8E5877D2AA}.Release|x64.ActiveCfg = Release|Any CPU
		{A58E30EC-3D03-4873-B848-FA8E5877D2AA}.Release|x64.Build.0 = Release|Any CPU
		{A58E30EC-3D03-4873-B848-FA8E5877D2AA}.Release|x86.ActiveCfg = Release|Any CPU
		{A58E30EC-3D03-4873-B848-FA8E5877D2AA}.Release|x86.Build.0 = Release|Any CPU
		{6AA6B1A9-F574-43D9-B1EE-F28DA222A030}.Debug|Any CPU.ActiveCfg = Debug|Any CPU
		{6AA6B1A9-F574-43D9-B1EE-F28DA222A030}.Debug|Any CPU.Build.0 = Debug|Any CPU
		{6AA6B1A9-F574-43D9-B1EE-F28DA222A030}.Debug|x64.ActiveCfg = Debug|Any CPU
		{6AA6B1A9-F574-43D9-B1EE-F28DA222A030}.Debug|x64.Build.0 = Debug|Any CPU
		{6AA6B1A9-F574-43D9-B1EE-F28DA222A030}.Debug|x86.ActiveCfg = Debug|Any CPU
		{6AA6B1A9-F574-43D9-B1EE-F28DA222A030}.Debug|x86.Build.0 = Debug|Any CPU
		{6AA6B1A9-F574-43D9-B1EE-F28DA222A030}.Release|Any CPU.ActiveCfg = Release|Any CPU
		{6AA6B1A9-F574-43D9-B1EE-F28DA222A030}.Release|Any CPU.Build.0 = Release|Any CPU
		{6AA6B1A9-F574-43D9-B1EE-F28DA222A030}.Release|x64.ActiveCfg = Release|Any CPU
		{6AA6B1A9-F574-43D9-B1EE-F28DA222A030}.Release|x64.Build.0 = Release|Any CPU
		{6AA6B1A9-F574-43D9-B1EE-F28DA222A030}.Release|x86.ActiveCfg = Release|Any CPU
		{6AA6B1A9-F574-43D9-B1EE-F28DA222A030}.Release|x86.Build.0 = Release|Any CPU
		{EFE6B4BD-DB1E-40F3-AFFF-C969B4F8498F}.Debug|Any CPU.ActiveCfg = Debug|Any CPU
		{EFE6B4BD-DB1E-40F3-AFFF-C969B4F8498F}.Debug|Any CPU.Build.0 = Debug|Any CPU
		{EFE6B4BD-DB1E-40F3-AFFF-C969B4F8498F}.Debug|x64.ActiveCfg = Debug|Any CPU
		{EFE6B4BD-DB1E-40F3-AFFF-C969B4F8498F}.Debug|x64.Build.0 = Debug|Any CPU
		{EFE6B4BD-DB1E-40F3-AFFF-C969B4F8498F}.Debug|x86.ActiveCfg = Debug|Any CPU
		{EFE6B4BD-DB1E-40F3-AFFF-C969B4F8498F}.Debug|x86.Build.0 = Debug|Any CPU
		{EFE6B4BD-DB1E-40F3-AFFF-C969B4F8498F}.Release|Any CPU.ActiveCfg = Release|Any CPU
		{EFE6B4BD-DB1E-40F3-AFFF-C969B4F8498F}.Release|Any CPU.Build.0 = Release|Any CPU
		{EFE6B4BD-DB1E-40F3-AFFF-C969B4F8498F}.Release|x64.ActiveCfg = Release|Any CPU
		{EFE6B4BD-DB1E-40F3-AFFF-C969B4F8498F}.Release|x64.Build.0 = Release|Any CPU
		{EFE6B4BD-DB1E-40F3-AFFF-C969B4F8498F}.Release|x86.ActiveCfg = Release|Any CPU
		{EFE6B4BD-DB1E-40F3-AFFF-C969B4F8498F}.Release|x86.Build.0 = Release|Any CPU
		{A906AA4E-279B-4AFA-B9CC-B622582E21B1}.Debug|Any CPU.ActiveCfg = Debug|Any CPU
		{A906AA4E-279B-4AFA-B9CC-B622582E21B1}.Debug|Any CPU.Build.0 = Debug|Any CPU
		{A906AA4E-279B-4AFA-B9CC-B622582E21B1}.Debug|x64.ActiveCfg = Debug|Any CPU
		{A906AA4E-279B-4AFA-B9CC-B622582E21B1}.Debug|x64.Build.0 = Debug|Any CPU
		{A906AA4E-279B-4AFA-B9CC-B622582E21B1}.Debug|x86.ActiveCfg = Debug|Any CPU
		{A906AA4E-279B-4AFA-B9CC-B622582E21B1}.Debug|x86.Build.0 = Debug|Any CPU
		{A906AA4E-279B-4AFA-B9CC-B622582E21B1}.Release|Any CPU.ActiveCfg = Release|Any CPU
		{A906AA4E-279B-4AFA-B9CC-B622582E21B1}.Release|Any CPU.Build.0 = Release|Any CPU
		{A906AA4E-279B-4AFA-B9CC-B622582E21B1}.Release|x64.ActiveCfg = Release|Any CPU
		{A906AA4E-279B-4AFA-B9CC-B622582E21B1}.Release|x64.Build.0 = Release|Any CPU
		{A906AA4E-279B-4AFA-B9CC-B622582E21B1}.Release|x86.ActiveCfg = Release|Any CPU
		{A906AA4E-279B-4AFA-B9CC-B622582E21B1}.Release|x86.Build.0 = Release|Any CPU
	EndGlobalSection
	GlobalSection(SolutionProperties) = preSolution
		HideSolutionNode = FALSE
	EndGlobalSection
	GlobalSection(ExtensibilityGlobals) = postSolution
		SolutionGuid = {A286C181-FD87-4AC6-98D9-031D8DC7B9F8}
	EndGlobalSection
EndGlobal
